
Microsoft Visual Studio Solution File, Format Version 12.00
# Visual Studio Version 17
VisualStudioVersion = 17.8.34330.188
MinimumVisualStudioVersion = 10.0.40219.1
Project("{9A19103F-16F7-4668-BE54-9A1E7A4F7556}") = "JailbreakExtras", "JailbreakExtras.csproj", "{9E382414-026F-43F8-A463-FC8E3997E797}"
EndProject
Global
	GlobalSection(SolutionConfigurationPlatforms) = preSolution
		Debug|Any CPU = Debug|Any CPU
		Release|Any CPU = Release|Any CPU
	EndGlobalSection
	GlobalSection(ProjectConfigurationPlatforms) = postSolution
		{9E382414-026F-43F8-A463-FC8E3997E797}.Debug|Any CPU.ActiveCfg = Debug|Any CPU
		{9E382414-026F-43F8-A463-FC8E3997E797}.Debug|Any CPU.Build.0 = Debug|Any CPU
		{9E382414-026F-43F8-A463-FC8E3997E797}.Release|Any CPU.ActiveCfg = Release|Any CPU
		{9E382414-026F-43F8-A463-FC8E3997E797}.Release|Any CPU.Build.0 = Release|Any CPU
	EndGlobalSection
	GlobalSection(SolutionProperties) = preSolution
		HideSolutionNode = FALSE
	EndGlobalSection
	GlobalSection(ExtensibilityGlobals) = postSolution
		SolutionGuid = {E7B96629-2EC5-4A7B-A8CB-4E89FDB31799}
	EndGlobalSection
EndGlobal
